<?xml version="1.0" encoding="utf-8"?>
<Project ToolsVersion="4.0" xmlns="http://schemas.microsoft.com/developer/msbuild/2003">
  <ItemGroup>
    <ClCompile Include="Game.cpp" />
    <ClCompile Include="Main.cpp" />
    <ClCompile Include="Snake.cpp" />
  </ItemGroup>
  <ItemGroup>
    <ClInclude Include="Game.h" />
    <ClInclude Include="Snake.h" />
  </ItemGroup>
  <ItemGroup>
    <None Include=".gitattributes" />
    <None Include=".gitignore" />
    <None Include="README.MD" />
  </ItemGroup>
  <ItemGroup>
    <ResourceCompile Include="SnakeGame.rc" />
  </ItemGroup>
  <ItemGroup>
    <Image Include="SnakeGame.ico" />
  </ItemGroup>
</Project>